
Microsoft Visual Studio Solution File, Format Version 12.00
# Visual Studio Version 16
VisualStudioVersion = 16.0.30104.148
MinimumVisualStudioVersion = 10.0.40219.1
Project("{FAE04EC0-301F-11D3-BF4B-00C04F79EFBC}") = "App_Login_SQLite.Android", "App_Login_SQLite.Android\App_Login_SQLite.Android.csproj", "{737A0533-5C8B-4145-B123-590E28D70323}"
EndProject
Project("{FAE04EC0-301F-11D3-BF4B-00C04F79EFBC}") = "App_Login_SQLite.iOS", "App_Login_SQLite.iOS\App_Login_SQLite.iOS.csproj", "{A2C4BB68-13D9-4FF8-9DBD-3BF992B9AABE}"
EndProject
Project("{FAE04EC0-301F-11D3-BF4B-00C04F79EFBC}") = "App_Login_SQLite", "App_Login_SQLite\App_Login_SQLite.csproj", "{F626A1D7-CFB5-442C-BE21-6706ECF8ADB6}"
EndProject
Global
	GlobalSection(SolutionConfigurationPlatforms) = preSolution
		Debug|Any CPU = Debug|Any CPU
		Debug|iPhone = Debug|iPhone
		Debug|iPhoneSimulator = Debug|iPhoneSimulator
		Release|Any CPU = Release|Any CPU
		Release|iPhone = Release|iPhone
		Release|iPhoneSimulator = Release|iPhoneSimulator
	EndGlobalSection
	GlobalSection(ProjectConfigurationPlatforms) = postSolution
		{737A0533-5C8B-4145-B123-590E28D70323}.Debug|Any CPU.ActiveCfg = Debug|Any CPU
		{737A0533-5C8B-4145-B123-590E28D70323}.Debug|Any CPU.Build.0 = Debug|Any CPU
		{737A0533-5C8B-4145-B123-590E28D70323}.Debug|Any CPU.Deploy.0 = Debug|Any CPU
		{737A0533-5C8B-4145-B123-590E28D70323}.Debug|iPhone.ActiveCfg = Debug|Any CPU
		{737A0533-5C8B-4145-B123-590E28D70323}.Debug|iPhone.Build.0 = Debug|Any CPU
		{737A0533-5C8B-4145-B123-590E28D70323}.Debug|iPhone.Deploy.0 = Debug|Any CPU
		{737A0533-5C8B-4145-B123-590E28D70323}.Debug|iPhoneSimulator.ActiveCfg = Debug|Any CPU
		{737A0533-5C8B-4145-B123-590E28D70323}.Debug|iPhoneSimulator.Build.0 = Debug|Any CPU
		{737A0533-5C8B-4145-B123-590E28D70323}.Debug|iPhoneSimulator.Deploy.0 = Debug|Any CPU
		{737A0533-5C8B-4145-B123-590E28D70323}.Release|Any CPU.ActiveCfg = Release|Any CPU
		{737A0533-5C8B-4145-B123-590E28D70323}.Release|Any CPU.Build.0 = Release|Any CPU
		{737A0533-5C8B-4145-B123-590E28D70323}.Release|Any CPU.Deploy.0 = Release|Any CPU
		{737A0533-5C8B-4145-B123-590E28D70323}.Release|iPhone.ActiveCfg = Release|Any CPU
		{737A0533-5C8B-4145-B123-590E28D70323}.Release|iPhone.Build.0 = Release|Any CPU
		{737A0533-5C8B-4145-B123-590E28D70323}.Release|iPhone.Deploy.0 = Release|Any CPU
		{737A0533-5C8B-4145-B123-590E28D70323}.Release|iPhoneSimulator.ActiveCfg = Release|Any CPU
		{737A0533-5C8B-4145-B123-590E28D70323}.Release|iPhoneSimulator.Build.0 = Release|Any CPU
		{737A0533-5C8B-4145-B123-590E28D70323}.Release|iPhoneSimulator.Deploy.0 = Release|Any CPU
		{A2C4BB68-13D9-4FF8-9DBD-3BF992B9AABE}.Debug|Any CPU.ActiveCfg = Debug|iPhone
		{A2C4BB68-13D9-4FF8-9DBD-3BF992B9AABE}.Debug|Any CPU.Build.0 = Debug|iPhone
		{A2C4BB68-13D9-4FF8-9DBD-3BF992B9AABE}.Debug|Any CPU.Deploy.0 = Debug|iPhone
		{A2C4BB68-13D9-4FF8-9DBD-3BF992B9AABE}.Debug|iPhone.ActiveCfg = Debug|iPhone
		{A2C4BB68-13D9-4FF8-9DBD-3BF992B9AABE}.Debug|iPhone.Build.0 = Debug|iPhone
		{A2C4BB68-13D9-4FF8-9DBD-3BF992B9AABE}.Debug|iPhone.Deploy.0 = Debug|iPhone
		{A2C4BB68-13D9-4FF8-9DBD-3BF992B9AABE}.Debug|iPhoneSimulator.ActiveCfg = Debug|iPhoneSimulator
		{A2C4BB68-13D9-4FF8-9DBD-3BF992B9AABE}.Debug|iPhoneSimulator.Build.0 = Debug|iPhoneSimulator
		{A2C4BB68-13D9-4FF8-9DBD-3BF992B9AABE}.Debug|iPhoneSimulator.Deploy.0 = Debug|iPhoneSimulator
		{A2C4BB68-13D9-4FF8-9DBD-3BF992B9AABE}.Release|Any CPU.ActiveCfg = Release|iPhone
		{A2C4BB68-13D9-4FF8-9DBD-3BF992B9AABE}.Release|Any CPU.Build.0 = Release|iPhone
		{A2C4BB68-13D9-4FF8-9DBD-3BF992B9AABE}.Release|Any CPU.Deploy.0 = Release|iPhone
		{A2C4BB68-13D9-4FF8-9DBD-3BF992B9AABE}.Release|iPhone.ActiveCfg = Release|iPhone
		{A2C4BB68-13D9-4FF8-9DBD-3BF992B9AABE}.Release|iPhone.Build.0 = Release|iPhone
		{A2C4BB68-13D9-4FF8-9DBD-3BF992B9AABE}.Release|iPhone.Deploy.0 = Release|iPhone
		{A2C4BB68-13D9-4FF8-9DBD-3BF992B9AABE}.Release|iPhoneSimulator.ActiveCfg = Release|iPhoneSimulator
		{A2C4BB68-13D9-4FF8-9DBD-3BF992B9AABE}.Release|iPhoneSimulator.Build.0 = Release|iPhoneSimulator
		{A2C4BB68-13D9-4FF8-9DBD-3BF992B9AABE}.Release|iPhoneSimulator.Deploy.0 = Release|iPhoneSimulator
		{F626A1D7-CFB5-442C-BE21-6706ECF8ADB6}.Debug|Any CPU.ActiveCfg = Debug|Any CPU
		{F626A1D7-CFB5-442C-BE21-6706ECF8ADB6}.Debug|Any CPU.Build.0 = Debug|Any CPU
		{F626A1D7-CFB5-442C-BE21-6706ECF8ADB6}.Debug|Any CPU.Deploy.0 = Debug|Any CPU
		{F626A1D7-CFB5-442C-BE21-6706ECF8ADB6}.Debug|iPhone.ActiveCfg = Debug|Any CPU
		{F626A1D7-CFB5-442C-BE21-6706ECF8ADB6}.Debug|iPhone.Build.0 = Debug|Any CPU
		{F626A1D7-CFB5-442C-BE21-6706ECF8ADB6}.Debug|iPhone.Deploy.0 = Debug|Any CPU
		{F626A1D7-CFB5-442C-BE21-6706ECF8ADB6}.Debug|iPhoneSimulator.ActiveCfg = Debug|Any CPU
		{F626A1D7-CFB5-442C-BE21-6706ECF8ADB6}.Debug|iPhoneSimulator.Build.0 = Debug|Any CPU
		{F626A1D7-CFB5-442C-BE21-6706ECF8ADB6}.Debug|iPhoneSimulator.Deploy.0 = Debug|Any CPU
		{F626A1D7-CFB5-442C-BE21-6706ECF8ADB6}.Release|Any CPU.ActiveCfg = Release|Any CPU
		{F626A1D7-CFB5-442C-BE21-6706ECF8ADB6}.Release|Any CPU.Build.0 = Release|Any CPU
		{F626A1D7-CFB5-442C-BE21-6706ECF8ADB6}.Release|Any CPU.Deploy.0 = Release|Any CPU
		{F626A1D7-CFB5-442C-BE21-6706ECF8ADB6}.Release|iPhone.ActiveCfg = Release|Any CPU
		{F626A1D7-CFB5-442C-BE21-6706ECF8ADB6}.Release|iPhone.Build.0 = Release|Any CPU
		{F626A1D7-CFB5-442C-BE21-6706ECF8ADB6}.Release|iPhone.Deploy.0 = Release|Any CPU
		{F626A1D7-CFB5-442C-BE21-6706ECF8ADB6}.Release|iPhoneSimulator.ActiveCfg = Release|Any CPU
		{F626A1D7-CFB5-442C-BE21-6706ECF8ADB6}.Release|iPhoneSimulator.Build.0 = Release|Any CPU
		{F626A1D7-CFB5-442C-BE21-6706ECF8ADB6}.Release|iPhoneSimulator.Deploy.0 = Release|Any CPU
	EndGlobalSection
	GlobalSection(SolutionProperties) = preSolution
		HideSolutionNode = FALSE
	EndGlobalSection
	GlobalSection(ExtensibilityGlobals) = postSolution
		SolutionGuid = {E769A1DF-3BD2-4924-AA1D-250682D8A642}
	EndGlobalSection
EndGlobal
